
Microsoft Visual Studio Solution File, Format Version 12.00
# Visual Studio Version 17
VisualStudioVersion = 17.8.34330.188
MinimumVisualStudioVersion = 10.0.40219.1
Project("{FAE04EC0-301F-11D3-BF4B-00C04F79EFBC}") = "Accio-Gidio Projesi", "Accio-Gidio Projesi.csproj", "{5FF6E068-81ED-45AD-9AF3-545F76066906}"
EndProject
Global
	GlobalSection(SolutionConfigurationPlatforms) = preSolution
		Debug|Any CPU = Debug|Any CPU
		Release|Any CPU = Release|Any CPU
	EndGlobalSection
	GlobalSection(ProjectConfigurationPlatforms) = postSolution
		{5FF6E068-81ED-45AD-9AF3-545F76066906}.Debug|Any CPU.ActiveCfg = Debug|Any CPU
		{5FF6E068-81ED-45AD-9AF3-545F76066906}.Debug|Any CPU.Build.0 = Debug|Any CPU
		{5FF6E068-81ED-45AD-9AF3-545F76066906}.Release|Any CPU.ActiveCfg = Release|Any CPU
		{5FF6E068-81ED-45AD-9AF3-545F76066906}.Release|Any CPU.Build.0 = Release|Any CPU
	EndGlobalSection
	GlobalSection(SolutionProperties) = preSolution
		HideSolutionNode = FALSE
	EndGlobalSection
	GlobalSection(ExtensibilityGlobals) = postSolution
		SolutionGuid = {CC968A72-5F46-4B61-A3CD-03DFA1A9DDFB}
	EndGlobalSection
EndGlobal
